
Microsoft Visual Studio Solution File, Format Version 12.00
# Visual Studio Version 17
VisualStudioVersion = 17.3.32929.385
MinimumVisualStudioVersion = 10.0.40219.1
Project("{FAE04EC0-301F-11D3-BF4B-00C04F79EFBC}") = "ExpenseTrackerNew", "ExpenseTrackerNew\ExpenseTrackerNew.csproj", "{F6C1D0E5-A2C9-4FDB-8B7E-6BA58E24BCA9}"
EndProject
Global
	GlobalSection(SolutionConfigurationPlatforms) = preSolution
		Debug|Any CPU = Debug|Any CPU
		Release|Any CPU = Release|Any CPU
	EndGlobalSection
	GlobalSection(ProjectConfigurationPlatforms) = postSolution
		{F6C1D0E5-A2C9-4FDB-8B7E-6BA58E24BCA9}.Debug|Any CPU.ActiveCfg = Debug|Any CPU
		{F6C1D0E5-A2C9-4FDB-8B7E-6BA58E24BCA9}.Debug|Any CPU.Build.0 = Debug|Any CPU
		{F6C1D0E5-A2C9-4FDB-8B7E-6BA58E24BCA9}.Release|Any CPU.ActiveCfg = Release|Any CPU
		{F6C1D0E5-A2C9-4FDB-8B7E-6BA58E24BCA9}.Release|Any CPU.Build.0 = Release|Any CPU
	EndGlobalSection
	GlobalSection(SolutionProperties) = preSolution
		HideSolutionNode = FALSE
	EndGlobalSection
	GlobalSection(ExtensibilityGlobals) = postSolution
		SolutionGuid = {0A881553-F59D-4964-AF7F-E6C2564E040A}
	EndGlobalSection
EndGlobal
